{
  "name": "mdall",
  "lockfileVersion": 3,
  "requires": true,
  "packages": {
    "": {
      "name": "mdall",
      "dependencies": {
        "katex": "^0.16.9"
      }
    },
    "node_modules/commander": {
      "version": "8.3.0",
      "license": "MIT"
    },
    "node_modules/katex": {
      "version": "0.16.45",
      "license": "MIT",
      "dependencies": {
        "commander": "^8.3.0"
      },
      "bin": {
        "katex": "cli.js"
      }
    }
  }
}
